
Microsoft Visual Studio Solution File, Format Version 12.00
# Visual Studio Version 17
VisualStudioVersion = 17.0.31903.59
MinimumVisualStudioVersion = 10.0.40219.1
Project("{FAE04EC0-301F-11D3-BF4B-00C04F79EFBC}") = "MediaInfoWrapper", "src\MediaInfoWrapper\MediaInfoWrapper.csproj", "{D866E11F-7EF0-48ED-814B-D92A0EF45DC2}"
EndProject
Project("{FAE04EC0-301F-11D3-BF4B-00C04F79EFBC}") = "MediaInfoWrapper.Tests", "tests\MediaInfoWrapper.Tests\MediaInfoWrapper.Tests.csproj", "{A09467BB-DE34-43A1-B2F0-E7F24E8ED149}"
EndProject
Project("{2150E333-8FDC-42A3-9474-1A3956D46DE8}") = "src", "src", "{02EA681E-C7D8-13C7-8484-4AC65E1B71E8}"
EndProject
Project("{2150E333-8FDC-42A3-9474-1A3956D46DE8}") = "tests", "tests", "{540A0926-D2A6-49FE-B759-52A4ABE96DB5}"
EndProject
Global
	GlobalSection(SolutionConfigurationPlatforms) = preSolution
		Debug|Any CPU = Debug|Any CPU
		Release|Any CPU = Release|Any CPU
	EndGlobalSection
	GlobalSection(ProjectConfigurationPlatforms) = postSolution
		{D866E11F-7EF0-48ED-814B-D92A0EF45DC2}.Debug|Any CPU.ActiveCfg = Debug|Any CPU
		{D866E11F-7EF0-48ED-814B-D92A0EF45DC2}.Debug|Any CPU.Build.0 = Debug|Any CPU
		{D866E11F-7EF0-48ED-814B-D92A0EF45DC2}.Release|Any CPU.ActiveCfg = Release|Any CPU
		{D866E11F-7EF0-48ED-814B-D92A0EF45DC2}.Release|Any CPU.Build.0 = Release|Any CPU
		{A09467BB-DE34-43A1-B2F0-E7F24E8ED149}.Debug|Any CPU.ActiveCfg = Debug|Any CPU
		{A09467BB-DE34-43A1-B2F0-E7F24E8ED149}.Debug|Any CPU.Build.0 = Debug|Any CPU
		{A09467BB-DE34-43A1-B2F0-E7F24E8ED149}.Release|Any CPU.ActiveCfg = Release|Any CPU
		{A09467BB-DE34-43A1-B2F0-E7F24E8ED149}.Release|Any CPU.Build.0 = Release|Any CPU
	EndGlobalSection
	GlobalSection(SolutionProperties) = preSolution
		HideSolutionNode = FALSE
	EndGlobalSection
	GlobalSection(NestedProjects) = preSolution
		{D866E11F-7EF0-48ED-814B-D92A0EF45DC2} = {02EA681E-C7D8-13C7-8484-4AC65E1B71E8}
		{A09467BB-DE34-43A1-B2F0-E7F24E8ED149} = {540A0926-D2A6-49FE-B759-52A4ABE96DB5}
	EndGlobalSection
	GlobalSection(ExtensibilityGlobals) = postSolution
		SolutionGuid = {0B74FF07-D011-41EF-A79A-BA27FD2ADC5E}
	EndGlobalSection
EndGlobal
