
Microsoft Visual Studio Solution File, Format Version 12.00
# Visual Studio Version 17
VisualStudioVersion = 17.0.31903.59
MinimumVisualStudioVersion = 10.0.40219.1
Project("{FAE04EC0-301F-11D3-BF4B-00C04F79EFBC}") = "MediaInfoWrapper", "src\MediaInfoWrapper\MediaInfoWrapper.csproj", "{D866E11F-7EF0-48ED-814B-D92A0EF45DC2}"
EndProject
Project("{FAE04EC0-301F-11D3-BF4B-00C04F79EFBC}") = "MediaInfoWrapper.Tests", "tests\MediaInfoWrapper.Tests\MediaInfoWrapper.Tests.csproj", "{A09467BB-DE34-43A1-B2F0-E7F24E8ED149}"
EndProject
Project("{2150E333-8FDC-42A3-9474-1A3956D46DE8}") = "src", "src", "{02EA681E-C7D8-13C7-8484-4AC65E1B71E8}"
EndProject
Project("{2150E333-8FDC-42A3-9474-1A3956D46DE8}") = "tests", "tests", "{540A0926-D2A6-49FE-B759-52A4ABE96DB5}"
EndProject
Project("{2150E333-8FDC-42A3-9474-1A3956D46DE8}") = "demo", "demo", "{A39C23D2-F2C0-258D-165A-CF1E7FEE6E7B}"
EndProject
Project("{FAE04EC0-301F-11D3-BF4B-00C04F79EFBC}") = "GetVideoInfoDemo", "demo\GetVideoInfoDemo\GetVideoInfoDemo.csproj", "{6C01038F-6EC5-4CE4-8EE1-FC33CECE346C}"
EndProject
Project("{2150E333-8FDC-42A3-9474-1A3956D46DE8}") = "Solution Items", "Solution Items", "{8EC462FD-D22E-90A8-E5CE-7E832BA40C5D}"
	ProjectSection(SolutionItems) = preProject
		LICENSE = LICENSE
		README.md = README.md
	EndProjectSection
EndProject
Global
	GlobalSection(SolutionConfigurationPlatforms) = preSolution
		Debug|Any CPU = Debug|Any CPU
		Debug|x64 = Debug|x64
		Debug|x86 = Debug|x86
		Release|Any CPU = Release|Any CPU
		Release|x64 = Release|x64
		Release|x86 = Release|x86
	EndGlobalSection
	GlobalSection(ProjectConfigurationPlatforms) = postSolution
		{D866E11F-7EF0-48ED-814B-D92A0EF45DC2}.Debug|Any CPU.ActiveCfg = Debug|Any CPU
		{D866E11F-7EF0-48ED-814B-D92A0EF45DC2}.Debug|Any CPU.Build.0 = Debug|Any CPU
		{D866E11F-7EF0-48ED-814B-D92A0EF45DC2}.Debug|x64.ActiveCfg = Debug|Any CPU
		{D866E11F-7EF0-48ED-814B-D92A0EF45DC2}.Debug|x64.Build.0 = Debug|Any CPU
		{D866E11F-7EF0-48ED-814B-D92A0EF45DC2}.Debug|x86.ActiveCfg = Debug|Any CPU
		{D866E11F-7EF0-48ED-814B-D92A0EF45DC2}.Debug|x86.Build.0 = Debug|Any CPU
		{D866E11F-7EF0-48ED-814B-D92A0EF45DC2}.Release|Any CPU.ActiveCfg = Release|Any CPU
		{D866E11F-7EF0-48ED-814B-D92A0EF45DC2}.Release|Any CPU.Build.0 = Release|Any CPU
		{D866E11F-7EF0-48ED-814B-D92A0EF45DC2}.Release|x64.ActiveCfg = Release|Any CPU
		{D866E11F-7EF0-48ED-814B-D92A0EF45DC2}.Release|x64.Build.0 = Release|Any CPU
		{D866E11F-7EF0-48ED-814B-D92A0EF45DC2}.Release|x86.ActiveCfg = Release|Any CPU
		{D866E11F-7EF0-48ED-814B-D92A0EF45DC2}.Release|x86.Build.0 = Release|Any CPU
		{A09467BB-DE34-43A1-B2F0-E7F24E8ED149}.Debug|Any CPU.ActiveCfg = Debug|Any CPU
		{A09467BB-DE34-43A1-B2F0-E7F24E8ED149}.Debug|Any CPU.Build.0 = Debug|Any CPU
		{A09467BB-DE34-43A1-B2F0-E7F24E8ED149}.Debug|x64.ActiveCfg = Debug|Any CPU
		{A09467BB-DE34-43A1-B2F0-E7F24E8ED149}.Debug|x64.Build.0 = Debug|Any CPU
		{A09467BB-DE34-43A1-B2F0-E7F24E8ED149}.Debug|x86.ActiveCfg = Debug|Any CPU
		{A09467BB-DE34-43A1-B2F0-E7F24E8ED149}.Debug|x86.Build.0 = Debug|Any CPU
		{A09467BB-DE34-43A1-B2F0-E7F24E8ED149}.Release|Any CPU.ActiveCfg = Release|Any CPU
		{A09467BB-DE34-43A1-B2F0-E7F24E8ED149}.Release|Any CPU.Build.0 = Release|Any CPU
		{A09467BB-DE34-43A1-B2F0-E7F24E8ED149}.Release|x64.ActiveCfg = Release|Any CPU
		{A09467BB-DE34-43A1-B2F0-E7F24E8ED149}.Release|x64.Build.0 = Release|Any CPU
		{A09467BB-DE34-43A1-B2F0-E7F24E8ED149}.Release|x86.ActiveCfg = Release|Any CPU
		{A09467BB-DE34-43A1-B2F0-E7F24E8ED149}.Release|x86.Build.0 = Release|Any CPU
		{6C01038F-6EC5-4CE4-8EE1-FC33CECE346C}.Debug|Any CPU.ActiveCfg = Debug|Any CPU
		{6C01038F-6EC5-4CE4-8EE1-FC33CECE346C}.Debug|Any CPU.Build.0 = Debug|Any CPU
		{6C01038F-6EC5-4CE4-8EE1-FC33CECE346C}.Debug|x64.ActiveCfg = Debug|Any CPU
		{6C01038F-6EC5-4CE4-8EE1-FC33CECE346C}.Debug|x64.Build.0 = Debug|Any CPU
		{6C01038F-6EC5-4CE4-8EE1-FC33CECE346C}.Debug|x86.ActiveCfg = Debug|Any CPU
		{6C01038F-6EC5-4CE4-8EE1-FC33CECE346C}.Debug|x86.Build.0 = Debug|Any CPU
		{6C01038F-6EC5-4CE4-8EE1-FC33CECE346C}.Release|Any CPU.ActiveCfg = Release|Any CPU
		{6C01038F-6EC5-4CE4-8EE1-FC33CECE346C}.Release|Any CPU.Build.0 = Release|Any CPU
		{6C01038F-6EC5-4CE4-8EE1-FC33CECE346C}.Release|x64.ActiveCfg = Release|Any CPU
		{6C01038F-6EC5-4CE4-8EE1-FC33CECE346C}.Release|x64.Build.0 = Release|Any CPU
		{6C01038F-6EC5-4CE4-8EE1-FC33CECE346C}.Release|x86.ActiveCfg = Release|Any CPU
		{6C01038F-6EC5-4CE4-8EE1-FC33CECE346C}.Release|x86.Build.0 = Release|Any CPU
	EndGlobalSection
	GlobalSection(SolutionProperties) = preSolution
		HideSolutionNode = FALSE
	EndGlobalSection
	GlobalSection(NestedProjects) = preSolution
		{D866E11F-7EF0-48ED-814B-D92A0EF45DC2} = {02EA681E-C7D8-13C7-8484-4AC65E1B71E8}
		{A09467BB-DE34-43A1-B2F0-E7F24E8ED149} = {540A0926-D2A6-49FE-B759-52A4ABE96DB5}
		{6C01038F-6EC5-4CE4-8EE1-FC33CECE346C} = {A39C23D2-F2C0-258D-165A-CF1E7FEE6E7B}
	EndGlobalSection
	GlobalSection(ExtensibilityGlobals) = postSolution
		SolutionGuid = {0B74FF07-D011-41EF-A79A-BA27FD2ADC5E}
	EndGlobalSection
EndGlobal
